
Microsoft Visual Studio Solution File, Format Version 12.00
# Visual Studio Version 16
VisualStudioVersion = 16.0.30717.126
MinimumVisualStudioVersion = 10.0.40219.1
Project("{9A19103F-16F7-4668-BE54-9A1E7A4F7556}") = "BattleRoyale", "BattleRoyale\BattleRoyale.csproj", "{94CDEB29-51A3-462C-9A83-92C98C16806A}"
EndProject
Project("{FAE04EC0-301F-11D3-BF4B-00C04F79EFBC}") = "Module", "Module\Module.csproj", "{A1F1F8B4-37A7-481E-B80A-FF8A51FBA0F4}"
EndProject
Global
	GlobalSection(SolutionConfigurationPlatforms) = preSolution
		Debug|Any CPU = Debug|Any CPU
		Release|Any CPU = Release|Any CPU
	EndGlobalSection
	GlobalSection(ProjectConfigurationPlatforms) = postSolution
		{94CDEB29-51A3-462C-9A83-92C98C16806A}.Debug|Any CPU.ActiveCfg = Debug|Any CPU
		{94CDEB29-51A3-462C-9A83-92C98C16806A}.Debug|Any CPU.Build.0 = Debug|Any CPU
		{94CDEB29-51A3-462C-9A83-92C98C16806A}.Release|Any CPU.ActiveCfg = Release|Any CPU
		{94CDEB29-51A3-462C-9A83-92C98C16806A}.Release|Any CPU.Build.0 = Release|Any CPU
		{A1F1F8B4-37A7-481E-B80A-FF8A51FBA0F4}.Debug|Any CPU.ActiveCfg = Debug|Any CPU
		{A1F1F8B4-37A7-481E-B80A-FF8A51FBA0F4}.Debug|Any CPU.Build.0 = Debug|Any CPU
		{A1F1F8B4-37A7-481E-B80A-FF8A51FBA0F4}.Release|Any CPU.ActiveCfg = Release|Any CPU
		{A1F1F8B4-37A7-481E-B80A-FF8A51FBA0F4}.Release|Any CPU.Build.0 = Release|Any CPU
	EndGlobalSection
	GlobalSection(SolutionProperties) = preSolution
		HideSolutionNode = FALSE
	EndGlobalSection
	GlobalSection(ExtensibilityGlobals) = postSolution
		SolutionGuid = {E541A712-30C3-4CF3-918C-6FE9EFD72EFC}
	EndGlobalSection
EndGlobal
